
Microsoft Visual Studio Solution File, Format Version 12.00
# Visual Studio Version 17
VisualStudioVersion = 17.1.32228.430
MinimumVisualStudioVersion = 10.0.40219.1
Project("{FAE04EC0-301F-11D3-BF4B-00C04F79EFBC}") = "MM8000.EMU.CLI", "MM8000.EMU.CLI\MM8000.EMU.CLI.csproj", "{AD8B7643-6091-4D00-9583-795EA1C4296E}"
EndProject
Project("{FAE04EC0-301F-11D3-BF4B-00C04F79EFBC}") = "Intel8085Disassembler", "Intel8085Disassembler\Intel8085Disassembler.csproj", "{4998517D-C6F9-4906-808F-A75CD14A6D40}"
EndProject
Global
	GlobalSection(SolutionConfigurationPlatforms) = preSolution
		Debug|Any CPU = Debug|Any CPU
		Release|Any CPU = Release|Any CPU
	EndGlobalSection
	GlobalSection(ProjectConfigurationPlatforms) = postSolution
		{AD8B7643-6091-4D00-9583-795EA1C4296E}.Debug|Any CPU.ActiveCfg = Debug|Any CPU
		{AD8B7643-6091-4D00-9583-795EA1C4296E}.Debug|Any CPU.Build.0 = Debug|Any CPU
		{AD8B7643-6091-4D00-9583-795EA1C4296E}.Release|Any CPU.ActiveCfg = Release|Any CPU
		{AD8B7643-6091-4D00-9583-795EA1C4296E}.Release|Any CPU.Build.0 = Release|Any CPU
		{4998517D-C6F9-4906-808F-A75CD14A6D40}.Debug|Any CPU.ActiveCfg = Debug|Any CPU
		{4998517D-C6F9-4906-808F-A75CD14A6D40}.Debug|Any CPU.Build.0 = Debug|Any CPU
		{4998517D-C6F9-4906-808F-A75CD14A6D40}.Release|Any CPU.ActiveCfg = Release|Any CPU
		{4998517D-C6F9-4906-808F-A75CD14A6D40}.Release|Any CPU.Build.0 = Release|Any CPU
	EndGlobalSection
	GlobalSection(SolutionProperties) = preSolution
		HideSolutionNode = FALSE
	EndGlobalSection
	GlobalSection(ExtensibilityGlobals) = postSolution
		SolutionGuid = {29BDD974-6AF6-4D50-A226-6478BE5B506B}
	EndGlobalSection
EndGlobal
